<?xml version="1.0" encoding="utf-8"?>
<Project ToolsVersion="4.0" xmlns="http://schemas.microsoft.com/developer/msbuild/2003">
  <ItemGroup>
    <Filter Include="Source Files">
      <UniqueIdentifier>{dc52e6af-602a-494e-8f79-79dfcceb039e}</UniqueIdentifier>
      <Extensions>cpp;c;cxx;rc;def;r;odl;idl;hpj;bat</Extensions>
    </Filter>
    <Filter Include="Resource Files">
      <UniqueIdentifier>{d807a330-965f-433b-baca-0c23c1382545}</UniqueIdentifier>
      <Extensions>ico;cur;bmp;dlg;rc2;rct;bin;rgs;gif;jpg;jpeg;jpe</Extensions>
    </Filter>
    <Filter Include="DrawStuff headers">
      <UniqueIdentifier>{f1108a17-024d-4c9a-9cd3-a96e1ac301c4}</UniqueIdentifier>
    </Filter>
  </ItemGroup>
  <ItemGroup>
    <ClInclude Include="animation.hpp">
      <Filter>Source Files</Filter>
    </ClInclude>
    <ClInclude Include="body.hpp">
      <Filter>Source Files</Filter>
    </ClInclude>
    <ClInclude Include="cyd.hpp">
      <Filter>Source Files</Filter>
    </ClInclude>
    <ClInclude Include="cyd_model.h">
      <Filter>Source Files</Filter>
    </ClInclude>
    <ClInclude Include="frameRate.hpp">
      <Filter>Source Files</Filter>
    </ClInclude>
    <ClInclude Include="math_etc.h">
      <Filter>Source Files</Filter>
    </ClInclude>
    <ClInclude Include="matrix.h">
      <Filter>Source Files</Filter>
    </ClInclude>
    <ClInclude Include="quaternion.hpp">
      <Filter>Source Files</Filter>
    </ClInclude>
    <ClInclude Include="spacial.hpp">
      <Filter>Source Files</Filter>
    </ClInclude>
    <ClInclude Include="include\drawstuff\drawstuff.h">
      <Filter>DrawStuff headers</Filter>
    </ClInclude>
  </ItemGroup>
  <ItemGroup>
    <ClCompile Include="blockworld.cpp">
      <Filter>Source Files</Filter>
    </ClCompile>
    <ClCompile Include="cyd_model.cpp">
      <Filter>Source Files</Filter>
    </ClCompile>
  </ItemGroup>
  <ItemGroup>
    <ResourceCompile Include="drawstuff\src\resources.rc">
      <Filter>Resource Files</Filter>
    </ResourceCompile>
  </ItemGroup>
</Project>